# This file was autogenerated by Stack.
# You should not edit this file by hand.
# For more information, please see the documentation at:
#   https://docs.haskellstack.org/en/stable/lock_files

packages:
- completed:
    hackage: megaparsec-9.4.0@sha256:f93fb70d9c75f780aabea9276e45d2c68995cc4e7c4a082d33606ff03824093e,3219
    pantry-tree:
      sha256: e5284381ff1d279a3c1a7fab27409ab17d9b2918bea425d7fff452cdf107ed23
      size: 1591
  original:
    hackage: megaparsec-9.4.0
- completed:
    hackage: text-2.0.2@sha256:d495b2a2a53da7e66163477a5837d2109074f8818fc938739b9ecf27d506050a,9565
    pantry-tree:
      sha256: 278df79382157ad1bd9fe18ce3836cf0278348f140a656280396b71991353d9e
      size: 7514
  original:
    hackage: text-2.0.2
snapshots:
- completed:
    sha256: e019cd29e3f7f9dbad500225829a3f7a50f73c674614f2f452e21bb8bf5d99ea
    size: 650253
    url: https://raw.githubusercontent.com/commercialhaskell/stackage-snapshots/master/lts/20/24.yaml
  original: lts-20.24
